
Microsoft Visual Studio Solution File, Format Version 12.00
# Visual Studio 15
VisualStudioVersion = 15.0.27004.2002
MinimumVisualStudioVersion = 10.0.40219.1
Project("{F184B08F-C81C-45F6-A57F-5ABD9991F28F}") = "Units", "Units\Units.vbproj", "{0F3716A4-8E45-4524-BAD8-CBC16DED2C0D}"
EndProject
Project("{F184B08F-C81C-45F6-A57F-5ABD9991F28F}") = "Units_Tests", "Units_Tests\Units_Tests.vbproj", "{789DB3C4-BCF3-4539-96E4-F7CA60149536}"
EndProject
Global
	GlobalSection(SolutionConfigurationPlatforms) = preSolution
		Debug|Any CPU = Debug|Any CPU
		Release|Any CPU = Release|Any CPU
	EndGlobalSection
	GlobalSection(ProjectConfigurationPlatforms) = postSolution
		{0F3716A4-8E45-4524-BAD8-CBC16DED2C0D}.Debug|Any CPU.ActiveCfg = Debug|Any CPU
		{0F3716A4-8E45-4524-BAD8-CBC16DED2C0D}.Debug|Any CPU.Build.0 = Debug|Any CPU
		{0F3716A4-8E45-4524-BAD8-CBC16DED2C0D}.Release|Any CPU.ActiveCfg = Release|Any CPU
		{0F3716A4-8E45-4524-BAD8-CBC16DED2C0D}.Release|Any CPU.Build.0 = Release|Any CPU
		{789DB3C4-BCF3-4539-96E4-F7CA60149536}.Debug|Any CPU.ActiveCfg = Debug|Any CPU
		{789DB3C4-BCF3-4539-96E4-F7CA60149536}.Debug|Any CPU.Build.0 = Debug|Any CPU
		{789DB3C4-BCF3-4539-96E4-F7CA60149536}.Release|Any CPU.ActiveCfg = Release|Any CPU
		{789DB3C4-BCF3-4539-96E4-F7CA60149536}.Release|Any CPU.Build.0 = Release|Any CPU
	EndGlobalSection
	GlobalSection(SolutionProperties) = preSolution
		HideSolutionNode = FALSE
	EndGlobalSection
	GlobalSection(ExtensibilityGlobals) = postSolution
		SolutionGuid = {FE92A7BD-FEF3-4081-A94E-27748FAE3A06}
	EndGlobalSection
EndGlobal
